// !$*UTF8*$!
{
	archiveVersion = 1;
	classes = {
	};
	objectVersion = 46;
	objects = {

/* Begin PBXBuildFile section */
		E477A54E1AE69443009E38DA /* main.m in Sources */ = {isa = PBXBuildFile; fileRef = E477A54D1AE69443009E38DA /* main.m */; };
		E477A5511AE69443009E38DA /* AppDelegate.m in Sources */ = {isa = PBXBuildFile; fileRef = E477A5501AE69443009E38DA /* AppDelegate.m */; };
		E477A5541AE69443009E38DA /* ViewController.m in Sources */ = {isa = PBXBuildFile; fileRef = E477A5531AE69443009E38DA /* ViewController.m */; };
		E477A5571AE69443009E38DA /* Main.storyboard in Resources */ = {isa = PBXBuildFile; fileRef = E477A5551AE69443009E38DA /* Main.storyboard */; };
		E477A5591AE69443009E38DA /* Images.xcassets in Resources */ = {isa = PBXBuildFile; fileRef = E477A5581AE69443009E38DA /* Images.xcassets */; };
		E477A55C1AE69443009E38DA /* LaunchScreen.xib in Resources */ = {isa = PBXBuildFile; fileRef = E477A55A1AE69443009E38DA /* LaunchScreen.xib */; };
		E477A5681AE69443009E38DA /* TableViewTheHardWayTests.m in Sources */ = {isa = PBXBuildFile; fileRef = E477A5671AE69443009E38DA /* TableViewTheHardWayTests.m */; };
		E477A5761AE6948F009E38DA /* RecipeTableViewController.m in Sources */ = {isa = PBXBuildFile; fileRef = E477A5751AE6948F009E38DA /* RecipeTableViewController.m */; };
/* End PBXBuildFile section */

/* Begin PBXContainerItemProxy section */
		E477A5621AE69443009E38DA /* PBXContainerItemProxy */ = {
			isa = PBXContainerItemProxy;
			containerPortal = E477A5401AE69443009E38DA /* Project object */;
			proxyType = 1;
			remoteGlobalIDString = E477A5471AE69443009E38DA;
			remoteInfo = TableViewTheHardWay;
		};
/* End PBXContainerItemProxy section */

/* Begin PBXFileReference section */
		E477A5481AE69443009E38DA /* TableViewTheHardWay.app */ = {isa = PBXFileReference; explicitFileType = wrapper.application; includeInIndex = 0; path = TableViewTheHardWay.app; sourceTree = BUILT_PRODUCTS_DIR; };
		E477A54C1AE69443009E38DA /* Info.plist */ = {isa = PBXFileReference; lastKnownFileType = text.plist.xml; path = Info.plist; sourceTree = "<group>"; };
		E477A54D1AE69443009E38DA /* main.m */ = {isa = PBXFileReference; lastKnownFileType = sourcecode.c.objc; path = main.m; sourceTree = "<group>"; };
		E477A54F1AE69443009E38DA /* AppDelegate.h */ = {isa = PBXFileReference; lastKnownFileType = sourcecode.c.h; path = AppDelegate.h; sourceTree = "<group>"; };
		E477A5501AE69443009E38DA /* AppDelegate.m */ = {isa = PBXFileReference; lastKnownFileType = sourcecode.c.objc; path = AppDelegate.m; sourceTree = "<group>"; };
		E477A5521AE69443009E38DA /* ViewController.h */ = {isa = PBXFileReference; lastKnownFileType = sourcecode.c.h; name = ViewController.h; path = TableViewTheHardWay/ViewController.h; sourceTree = "<group>"; };
		E477A5531AE69443009E38DA /* ViewController.m */ = {isa = PBXFileReference; lastKnownFileType = sourcecode.c.objc; name = ViewController.m; path = TableViewTheHardWay/ViewController.m; sourceTree = "<group>"; };
		E477A5561AE69443009E38DA /* Base */ = {isa = PBXFileReference; lastKnownFileType = file.storyboard; name = Base; path = Base.lproj/Main.storyboard; sourceTree = "<group>"; };
		E477A5581AE69443009E38DA /* Images.xcassets */ = {isa = PBXFileReference; lastKnownFileType = folder.assetcatalog; path = Images.xcassets; sourceTree = "<group>"; };
		E477A55B1AE69443009E38DA /* Base */ = {isa = PBXFileReference; lastKnownFileType = file.xib; name = Base; path = Base.lproj/LaunchScreen.xib; sourceTree = "<group>"; };
		E477A5611AE69443009E38DA /* TableViewTheHardWayTests.xctest */ = {isa = PBXFileReference; explicitFileType = wrapper.cfbundle; includeInIndex = 0; path = TableViewTheHardWayTests.xctest; sourceTree = BUILT_PRODUCTS_DIR; };
		E477A5661AE69443009E38DA /* Info.plist */ = {isa = PBXFileReference; lastKnownFileType = text.plist.xml; path = Info.plist; sourceTree = "<group>"; };
		E477A5671AE69443009E38DA /* TableViewTheHardWayTests.m */ = {isa = PBXFileReference; lastKnownFileType = sourcecode.c.objc; path = TableViewTheHardWayTests.m; sourceTree = "<group>"; };
		E477A5741AE6948F009E38DA /* RecipeTableViewController.h */ = {isa = PBXFileReference; fileEncoding = 4; lastKnownFileType = sourcecode.c.h; path = RecipeTableViewController.h; sourceTree = "<group>"; };
		E477A5751AE6948F009E38DA /* RecipeTableViewController.m */ = {isa = PBXFileReference; fileEncoding = 4; lastKnownFileType = sourcecode.c.objc; path = RecipeTableViewController.m; sourceTree = "<group>"; };
/* End PBXFileReference section */

/* Begin PBXFrameworksBuildPhase section */
		E477A5451AE69443009E38DA /* Frameworks */ = {
			isa = PBXFrameworksBuildPhase;
			buildActionMask = 2147483647;
			files = (
			);
			runOnlyForDeploymentPostprocessing = 0;
		};
		E477A55E1AE69443009E38DA /* Frameworks */ = {
			isa = PBXFrameworksBuildPhase;
			buildActionMask = 2147483647;
			files = (
			);
			runOnlyForDeploymentPostprocessing = 0;
		};
/* End PBXFrameworksBuildPhase section */

/* Begin PBXGroup section */
		E477A53F1AE69443009E38DA = {
			isa = PBXGroup;
			children = (
				E477A5711AE6944B009E38DA /* Model */,
				E477A5731AE6945C009E38DA /* View */,
				E477A5721AE69451009E38DA /* Controller */,
				E477A54A1AE69443009E38DA /* TableViewTheHardWay */,
				E477A5641AE69443009E38DA /* TableViewTheHardWayTests */,
				E477A5491AE69443009E38DA /* Products */,
			);
			sourceTree = "<group>";
		};
		E477A5491AE69443009E38DA /* Products */ = {
			isa = PBXGroup;
			children = (
				E477A5481AE69443009E38DA /* TableViewTheHardWay.app */,
				E477A5611AE69443009E38DA /* TableViewTheHardWayTests.xctest */,
			);
			name = Products;
			sourceTree = "<group>";
		};
		E477A54A1AE69443009E38DA /* TableViewTheHardWay */ = {
			isa = PBXGroup;
			children = (
				E477A54F1AE69443009E38DA /* AppDelegate.h */,
				E477A5501AE69443009E38DA /* AppDelegate.m */,
				E477A5551AE69443009E38DA /* Main.storyboard */,
				E477A5581AE69443009E38DA /* Images.xcassets */,
				E477A55A1AE69443009E38DA /* LaunchScreen.xib */,
				E477A54B1AE69443009E38DA /* Supporting Files */,
			);
			path = TableViewTheHardWay;
			sourceTree = "<group>";
		};
		E477A54B1AE69443009E38DA /* Supporting Files */ = {
			isa = PBXGroup;
			children = (
				E477A54C1AE69443009E38DA /* Info.plist */,
				E477A54D1AE69443009E38DA /* main.m */,
			);
			name = "Supporting Files";
			sourceTree = "<group>";
		};
		E477A5641AE69443009E38DA /* TableViewTheHardWayTests */ = {
			isa = PBXGroup;
			children = (
				E477A5671AE69443009E38DA /* TableViewTheHardWayTests.m */,
				E477A5651AE69443009E38DA /* Supporting Files */,
			);
			path = TableViewTheHardWayTests;
			sourceTree = "<group>";
		};
		E477A5651AE69443009E38DA /* Supporting Files */ = {
			isa = PBXGroup;
			children = (
				E477A5661AE69443009E38DA /* Info.plist */,
			);
			name = "Supporting Files";
			sourceTree = "<group>";
		};
		E477A5711AE6944B009E38DA /* Model */ = {
			isa = PBXGroup;
			children = (
			);
			name = Model;
			sourceTree = "<group>";
		};
		E477A5721AE69451009E38DA /* Controller */ = {
			isa = PBXGroup;
			children = (
				E477A5741AE6948F009E38DA /* RecipeTableViewController.h */,
				E477A5751AE6948F009E38DA /* RecipeTableViewController.m */,
				E477A5521AE69443009E38DA /* ViewController.h */,
				E477A5531AE69443009E38DA /* ViewController.m */,
			);
			name = Controller;
			sourceTree = "<group>";
		};
		E477A5731AE6945C009E38DA /* View */ = {
			isa = PBXGroup;
			children = (
			);
			name = View;
			sourceTree = "<group>";
		};
/* End PBXGroup section */

/* Begin PBXNativeTarget section */
		E477A5471AE69443009E38DA /* TableViewTheHardWay */ = {
			isa = PBXNativeTarget;
			buildConfigurationList = E477A56B1AE69443009E38DA /* Build configuration list for PBXNativeTarget "TableViewTheHardWay" */;
			buildPhases = (
				E477A5441AE69443009E38DA /* Sources */,
				E477A5451AE69443009E38DA /* Frameworks */,
				E477A5461AE69443009E38DA /* Resources */,
			);
			buildRules = (
			);
			dependencies = (
			);
			name = TableViewTheHardWay;
			productName = TableViewTheHardWay;
			productReference = E477A5481AE69443009E38DA /* TableViewTheHardWay.app */;
			productType = "com.apple.product-type.application";
		};
		E477A5601AE69443009E38DA /* TableViewTheHardWayTests */ = {
			isa = PBXNativeTarget;
			buildConfigurationList = E477A56E1AE69443009E38DA /* Build configuration list for PBXNativeTarget "TableViewTheHardWayTests" */;
			buildPhases = (
				E477A55D1AE69443009E38DA /* Sources */,
				E477A55E1AE69443009E38DA /* Frameworks */,
				E477A55F1AE69443009E38DA /* Resources */,
			);
			buildRules = (
			);
			dependencies = (
				E477A5631AE69443009E38DA /* PBXTargetDependency */,
			);
			name = TableViewTheHardWayTests;
			productName = TableViewTheHardWayTests;
			productReference = E477A5611AE69443009E38DA /* TableViewTheHardWayTests.xctest */;
			productType = "com.apple.product-type.bundle.unit-test";
		};
/* End PBXNativeTarget section */

/* Begin PBXProject section */
		E477A5401AE69443009E38DA /* Project object */ = {
			isa = PBXProject;
			attributes = {
				LastUpgradeCheck = 0630;
				ORGANIZATIONNAME = "Daniel J Goncalves";
				TargetAttributes = {
					E477A5471AE69443009E38DA = {
						CreatedOnToolsVersion = 6.3;
					};
					E477A5601AE69443009E38DA = {
						CreatedOnToolsVersion = 6.3;
						TestTargetID = E477A5471AE69443009E38DA;
					};
				};
			};
			buildConfigurationList = E477A5431AE69443009E38DA /* Build configuration list for PBXProject "TableViewTheHardWay" */;
			compatibilityVersion = "Xcode 3.2";
			developmentRegion = English;
			hasScannedForEncodings = 0;
			knownRegions = (
				en,
				Base,
			);
			mainGroup = E477A53F1AE69443009E38DA;
			productRefGroup = E477A5491AE69443009E38DA /* Products */;
			projectDirPath = "";
			projectRoot = "";
			targets = (
				E477A5471AE69443009E38DA /* TableViewTheHardWay */,
				E477A5601AE69443009E38DA /* TableViewTheHardWayTests */,
			);
		};
/* End PBXProject section */

/* Begin PBXResourcesBuildPhase section */
		E477A5461AE69443009E38DA /* Resources */ = {
			isa = PBXResourcesBuildPhase;
			buildActionMask = 2147483647;
			files = (
				E477A5571AE69443009E38DA /* Main.storyboard in Resources */,
				E477A55C1AE69443009E38DA /* LaunchScreen.xib in Resources */,
				E477A5591AE69443009E38DA /* Images.xcassets in Resources */,
			);
			runOnlyForDeploymentPostprocessing = 0;
		};
		E477A55F1AE69443009E38DA /* Resources */ = {
			isa = PBXResourcesBuildPhase;
			buildActionMask = 2147483647;
			files = (
			);
			runOnlyForDeploymentPostprocessing = 0;
		};
/* End PBXResourcesBuildPhase section */

/* Begin PBXSourcesBuildPhase section */
		E477A5441AE69443009E38DA /* Sources */ = {
			isa = PBXSourcesBuildPhase;
			buildActionMask = 2147483647;
			files = (
				E477A5541AE69443009E38DA /* ViewController.m in Sources */,
				E477A5761AE6948F009E38DA /* RecipeTableViewController.m in Sources */,
				E477A5511AE69443009E38DA /* AppDelegate.m in Sources */,
				E477A54E1AE69443009E38DA /* main.m in Sources */,
			);
			runOnlyForDeploymentPostprocessing = 0;
		};
		E477A55D1AE69443009E38DA /* Sources */ = {
			isa = PBXSourcesBuildPhase;
			buildActionMask = 2147483647;
			files = (
				E477A5681AE69443009E38DA /* TableViewTheHardWayTests.m in Sources */,
			);
			runOnlyForDeploymentPostprocessing = 0;
		};
/* End PBXSourcesBuildPhase section */

/* Begin PBXTargetDependency section */
		E477A5631AE69443009E38DA /* PBXTargetDependency */ = {
			isa = PBXTargetDependency;
			target = E477A5471AE69443009E38DA /* TableViewTheHardWay */;
			targetProxy = E477A5621AE69443009E38DA /* PBXContainerItemProxy */;
		};
/* End PBXTargetDependency section */

/* Begin PBXVariantGroup section */
		E477A5551AE69443009E38DA /* Main.storyboard */ = {
			isa = PBXVariantGroup;
			children = (
				E477A5561AE69443009E38DA /* Base */,
			);
			name = Main.storyboard;
			sourceTree = "<group>";
		};
		E477A55A1AE69443009E38DA /* LaunchScreen.xib */ = {
			isa = PBXVariantGroup;
			children = (
				E477A55B1AE69443009E38DA /* Base */,
			);
			name = LaunchScreen.xib;
			sourceTree = "<group>";
		};
/* End PBXVariantGroup section */

/* Begin XCBuildConfiguration section */
		E477A5691AE69443009E38DA /* Debug */ = {
			isa = XCBuildConfiguration;
			buildSettings = {
				ALWAYS_SEARCH_USER_PATHS = NO;
				CLANG_CXX_LANGUAGE_STANDARD = "gnu++0x";
				CLANG_CXX_LIBRARY = "libc++";
				CLANG_ENABLE_MODULES = YES;
				CLANG_ENABLE_OBJC_ARC = YES;
				CLANG_WARN_BOOL_CONVERSION = YES;
				CLANG_WARN_CONSTANT_CONVERSION = YES;
				CLANG_WARN_DIRECT_OBJC_ISA_USAGE = YES_ERROR;
				CLANG_WARN_EMPTY_BODY = YES;
				CLANG_WARN_ENUM_CONVERSION = YES;
				CLANG_WARN_INT_CONVERSION = YES;
				CLANG_WARN_OBJC_ROOT_CLASS = YES_ERROR;
				CLANG_WARN_UNREACHABLE_CODE = YES;
				CLANG_WARN__DUPLICATE_METHOD_MATCH = YES;
				"CODE_SIGN_IDENTITY[sdk=iphoneos*]" = "iPhone Developer";
				COPY_PHASE_STRIP = NO;
				DEBUG_INFORMATION_FORMAT = "dwarf-with-dsym";
				ENABLE_STRICT_OBJC_MSGSEND = YES;
				GCC_C_LANGUAGE_STANDARD = gnu99;
				GCC_DYNAMIC_NO_PIC = NO;
				GCC_NO_COMMON_BLOCKS = YES;
				GCC_OPTIMIZATION_LEVEL = 0;
				GCC_PREPROCESSOR_DEFINITIONS = (
					"DEBUG=1",
					"$(inherited)",
				);
				GCC_SYMBOLS_PRIVATE_EXTERN = NO;
				GCC_WARN_64_TO_32_BIT_CONVERSION = YES;
				GCC_WARN_ABOUT_RETURN_TYPE = YES_ERROR;
				GCC_WARN_UNDECLARED_SELECTOR = YES;
				GCC_WARN_UNINITIALIZED_AUTOS = YES_AGGRESSIVE;
				GCC_WARN_UNUSED_FUNCTION = YES;
				GCC_WARN_UNUSED_VARIABLE = YES;
				IPHONEOS_DEPLOYMENT_TARGET = 8.3;
				MTL_ENABLE_DEBUG_INFO = YES;
				ONLY_ACTIVE_ARCH = YES;
				SDKROOT = iphoneos;
			};
			name = Debug;
		};
		E477A56A1AE69443009E38DA /* Release */ = {
			isa = XCBuildConfiguration;
			buildSettings = {
				ALWAYS_SEARCH_USER_PATHS = NO;
				CLANG_CXX_LANGUAGE_STANDARD = "gnu++0x";
				CLANG_CXX_LIBRARY = "libc++";
				CLANG_ENABLE_MODULES = YES;
				CLANG_ENABLE_OBJC_ARC = YES;
				CLANG_WARN_BOOL_CONVERSION = YES;
				CLANG_WARN_CONSTANT_CONVERSION = YES;
				CLANG_WARN_DIRECT_OBJC_ISA_USAGE = YES_ERROR;
				CLANG_WARN_EMPTY_BODY = YES;
				CLANG_WARN_ENUM_CONVERSION = YES;
				CLANG_WARN_INT_CONVERSION = YES;
				CLANG_WARN_OBJC_ROOT_CLASS = YES_ERROR;
				CLANG_WARN_UNREACHABLE_CODE = YES;
				CLANG_WARN__DUPLICATE_METHOD_MATCH = YES;
				"CODE_SIGN_IDENTITY[sdk=iphoneos*]" = "iPhone Developer";
				COPY_PHASE_STRIP = NO;
				DEBUG_INFORMATION_FORMAT = "dwarf-with-dsym";
				ENABLE_NS_ASSERTIONS = NO;
				ENABLE_STRICT_OBJC_MSGSEND = YES;
				GCC_C_LANGUAGE_STANDARD = gnu99;
				GCC_NO_COMMON_BLOCKS = YES;
				GCC_WARN_64_TO_32_BIT_CONVERSION = YES;
				GCC_WARN_ABOUT_RETURN_TYPE = YES_ERROR;
				GCC_WARN_UNDECLARED_SELECTOR = YES;
				GCC_WARN_UNINITIALIZED_AUTOS = YES_AGGRESSIVE;
				GCC_WARN_UNUSED_FUNCTION = YES;
				GCC_WARN_UNUSED_VARIABLE = YES;
				IPHONEOS_DEPLOYMENT_TARGET = 8.3;
				MTL_ENABLE_DEBUG_INFO = NO;
				SDKROOT = iphoneos;
				VALIDATE_PRODUCT = YES;
			};
			name = Release;
		};
		E477A56C1AE69443009E38DA /* Debug */ = {
			isa = XCBuildConfiguration;
			buildSettings = {
				ASSETCATALOG_COMPILER_APPICON_NAME = AppIcon;
				INFOPLIST_FILE = TableViewTheHardWay/Info.plist;
				LD_RUNPATH_SEARCH_PATHS = "$(inherited) @executable_path/Frameworks";
				PRODUCT_NAME = "$(TARGET_NAME)";
			};
			name = Debug;
		};
		E477A56D1AE69443009E38DA /* Release */ = {
			isa = XCBuildConfiguration;
			buildSettings = {
				ASSETCATALOG_COMPILER_APPICON_NAME = AppIcon;
				INFOPLIST_FILE = TableViewTheHardWay/Info.plist;
				LD_RUNPATH_SEARCH_PATHS = "$(inherited) @executable_path/Frameworks";
				PRODUCT_NAME = "$(TARGET_NAME)";
			};
			name = Release;
		};
		E477A56F1AE69443009E38DA /* Debug */ = {
			isa = XCBuildConfiguration;
			buildSettings = {
				BUNDLE_LOADER = "$(TEST_HOST)";
				FRAMEWORK_SEARCH_PATHS = (
					"$(SDKROOT)/Developer/Library/Frameworks",
					"$(inherited)",
				);
				GCC_PREPROCESSOR_DEFINITIONS = (
					"DEBUG=1",
					"$(inherited)",
				);
				INFOPLIST_FILE = TableViewTheHardWayTests/Info.plist;
				LD_RUNPATH_SEARCH_PATHS = "$(inherited) @executable_path/Frameworks @loader_path/Frameworks";
				PRODUCT_NAME = "$(TARGET_NAME)";
				TEST_HOST = "$(BUILT_PRODUCTS_DIR)/TableViewTheHardWay.app/TableViewTheHardWay";
			};
			name = Debug;
		};
		E477A5701AE69443009E38DA /* Release */ = {
			isa = XCBuildConfiguration;
			buildSettings = {
				BUNDLE_LOADER = "$(TEST_HOST)";
				FRAMEWORK_SEARCH_PATHS = (
					"$(SDKROOT)/Developer/Library/Frameworks",
					"$(inherited)",
				);
				INFOPLIST_FILE = TableViewTheHardWayTests/Info.plist;
				LD_RUNPATH_SEARCH_PATHS = "$(inherited) @executable_path/Frameworks @loader_path/Frameworks";
				PRODUCT_NAME = "$(TARGET_NAME)";
				TEST_HOST = "$(BUILT_PRODUCTS_DIR)/TableViewTheHardWay.app/TableViewTheHardWay";
			};
			name = Release;
		};
/* End XCBuildConfiguration section */

/* Begin XCConfigurationList section */
		E477A5431AE69443009E38DA /* Build configuration list for PBXProject "TableViewTheHardWay" */ = {
			isa = XCConfigurationList;
			buildConfigurations = (
				E477A5691AE69443009E38DA /* Debug */,
				E477A56A1AE69443009E38DA /* Release */,
			);
			defaultConfigurationIsVisible = 0;
			defaultConfigurationName = Release;
		};
		E477A56B1AE69443009E38DA /* Build configuration list for PBXNativeTarget "TableViewTheHardWay" */ = {
			isa = XCConfigurationList;
			buildConfigurations = (
				E477A56C1AE69443009E38DA /* Debug */,
				E477A56D1AE69443009E38DA /* Release */,
			);
			defaultConfigurationIsVisible = 0;
		};
		E477A56E1AE69443009E38DA /* Build configuration list for PBXNativeTarget "TableViewTheHardWayTests" */ = {
			isa = XCConfigurationList;
			buildConfigurations = (
				E477A56F1AE69443009E38DA /* Debug */,
				E477A5701AE69443009E38DA /* Release */,
			);
			defaultConfigurationIsVisible = 0;
		};
/* End XCConfigurationList section */
	};
	rootObject = E477A5401AE69443009E38DA /* Project object */;
}
